
Microsoft Visual Studio Solution File, Format Version 12.00
# Visual Studio Version 17
VisualStudioVersion = 17.3.32819.101
MinimumVisualStudioVersion = 10.0.40219.1
Project("{2150E333-8FDC-42A3-9474-1A3956D46DE8}") = "src", "src", "{065A3E85-B61B-4D98-AD19-005CB873645E}"
EndProject
Project("{2150E333-8FDC-42A3-9474-1A3956D46DE8}") = "Market.Service", "Market.Service", "{235F668E-4F5C-48CA-BBBA-E40F183776AD}"
EndProject
Project("{9A19103F-16F7-4668-BE54-9A1E7A4F7556}") = "Market.Domain", "src\Market.Service\Market.Domain\Market.Domain.csproj", "{DD2EF072-190D-4839-855C-D86F1CB3A9BF}"
EndProject
Project("{9A19103F-16F7-4668-BE54-9A1E7A4F7556}") = "Market.API", "src\Market.Service\Market.API\Market.API.csproj", "{BD9DCAE9-3CC7-4815-8838-751380B1F109}"
EndProject
Project("{9A19103F-16F7-4668-BE54-9A1E7A4F7556}") = "Market.Infrastructure", "src\Market.Service\Market.Infrastructure\Market.Infrastructure.csproj", "{5DEBA789-79BB-427D-96DD-546A9447D7F6}"
EndProject
Project("{2150E333-8FDC-42A3-9474-1A3956D46DE8}") = "Order.Service", "Order.Service", "{1A8C8CC7-AB7E-4DEA-AF68-1D201EDCA169}"
EndProject
Project("{9A19103F-16F7-4668-BE54-9A1E7A4F7556}") = "Order.Infrastructure", "src\Order.Service\Order.Infrastructure\Order.Infrastructure.csproj", "{04F3F3CF-4178-417A-8B58-DA8B5CB08E2A}"
EndProject
Project("{2150E333-8FDC-42A3-9474-1A3956D46DE8}") = "Abstractions", "Abstractions", "{71E87A3F-D3E6-45F8-8A33-5E60F6429710}"
EndProject
Project("{9A19103F-16F7-4668-BE54-9A1E7A4F7556}") = "Service.Abstraction", "src\Abstractions\Service.Abstraction\Service.Abstraction.csproj", "{418DB521-ED6C-4878-A7DB-CB7F2A17ED9F}"
EndProject
Project("{9A19103F-16F7-4668-BE54-9A1E7A4F7556}") = "Order.API", "src\Order.Service\Order.API\Order.API.csproj", "{18CBC8C5-5FA1-41A2-9D15-D9781E34ADFE}"
EndProject
Project("{9A19103F-16F7-4668-BE54-9A1E7A4F7556}") = "Order.Domain", "src\Order.Service\Order.Domain\Order.Domain.csproj", "{34857532-FDAE-432D-B646-026E1D456F37}"
EndProject
Project("{2150E333-8FDC-42A3-9474-1A3956D46DE8}") = "Communicate.Service", "Communicate.Service", "{7187605B-0CE8-44E6-98E1-C76DFEC35D20}"
EndProject
Project("{9A19103F-16F7-4668-BE54-9A1E7A4F7556}") = "API.Gateway", "src\Communicate.Service\API.Gateway\API.Gateway.csproj", "{BE38ACC7-67F7-4EFD-B43E-3C8DC14EC3FA}"
EndProject
Project("{FAE04EC0-301F-11D3-BF4B-00C04F79EFBC}") = "gRPC.Client", "src\Communicate.Service\gRPC.Client\gRPC.Client.csproj", "{3DCDBE16-94F8-4CE1-8746-0E3DFADD4286}"
EndProject
Project("{2150E333-8FDC-42A3-9474-1A3956D46DE8}") = "User.Service", "User.Service", "{25F7C427-B046-4B3D-AF55-C55C1CD64AA0}"
EndProject
Project("{FAE04EC0-301F-11D3-BF4B-00C04F79EFBC}") = "User.Domain", "src\User.Service\User.Domain\User.Domain.csproj", "{770915E7-F99F-4307-B91A-A5D228987E07}"
EndProject
Project("{FAE04EC0-301F-11D3-BF4B-00C04F79EFBC}") = "User.Infrastructure", "src\User.Service\User.Infrastructure\User.Infrastructure.csproj", "{A5CD6E9F-08B7-4AD7-B533-CC194383A381}"
EndProject
Global
	GlobalSection(SolutionConfigurationPlatforms) = preSolution
		Debug|Any CPU = Debug|Any CPU
		Release|Any CPU = Release|Any CPU
	EndGlobalSection
	GlobalSection(ProjectConfigurationPlatforms) = postSolution
		{DD2EF072-190D-4839-855C-D86F1CB3A9BF}.Debug|Any CPU.ActiveCfg = Debug|Any CPU
		{DD2EF072-190D-4839-855C-D86F1CB3A9BF}.Debug|Any CPU.Build.0 = Debug|Any CPU
		{DD2EF072-190D-4839-855C-D86F1CB3A9BF}.Release|Any CPU.ActiveCfg = Release|Any CPU
		{DD2EF072-190D-4839-855C-D86F1CB3A9BF}.Release|Any CPU.Build.0 = Release|Any CPU
		{BD9DCAE9-3CC7-4815-8838-751380B1F109}.Debug|Any CPU.ActiveCfg = Debug|Any CPU
		{BD9DCAE9-3CC7-4815-8838-751380B1F109}.Debug|Any CPU.Build.0 = Debug|Any CPU
		{BD9DCAE9-3CC7-4815-8838-751380B1F109}.Release|Any CPU.ActiveCfg = Release|Any CPU
		{BD9DCAE9-3CC7-4815-8838-751380B1F109}.Release|Any CPU.Build.0 = Release|Any CPU
		{5DEBA789-79BB-427D-96DD-546A9447D7F6}.Debug|Any CPU.ActiveCfg = Debug|Any CPU
		{5DEBA789-79BB-427D-96DD-546A9447D7F6}.Debug|Any CPU.Build.0 = Debug|Any CPU
		{5DEBA789-79BB-427D-96DD-546A9447D7F6}.Release|Any CPU.ActiveCfg = Release|Any CPU
		{5DEBA789-79BB-427D-96DD-546A9447D7F6}.Release|Any CPU.Build.0 = Release|Any CPU
		{04F3F3CF-4178-417A-8B58-DA8B5CB08E2A}.Debug|Any CPU.ActiveCfg = Debug|Any CPU
		{04F3F3CF-4178-417A-8B58-DA8B5CB08E2A}.Debug|Any CPU.Build.0 = Debug|Any CPU
		{04F3F3CF-4178-417A-8B58-DA8B5CB08E2A}.Release|Any CPU.ActiveCfg = Release|Any CPU
		{04F3F3CF-4178-417A-8B58-DA8B5CB08E2A}.Release|Any CPU.Build.0 = Release|Any CPU
		{418DB521-ED6C-4878-A7DB-CB7F2A17ED9F}.Debug|Any CPU.ActiveCfg = Debug|Any CPU
		{418DB521-ED6C-4878-A7DB-CB7F2A17ED9F}.Debug|Any CPU.Build.0 = Debug|Any CPU
		{418DB521-ED6C-4878-A7DB-CB7F2A17ED9F}.Release|Any CPU.ActiveCfg = Release|Any CPU
		{418DB521-ED6C-4878-A7DB-CB7F2A17ED9F}.Release|Any CPU.Build.0 = Release|Any CPU
		{18CBC8C5-5FA1-41A2-9D15-D9781E34ADFE}.Debug|Any CPU.ActiveCfg = Debug|Any CPU
		{18CBC8C5-5FA1-41A2-9D15-D9781E34ADFE}.Debug|Any CPU.Build.0 = Debug|Any CPU
		{18CBC8C5-5FA1-41A2-9D15-D9781E34ADFE}.Release|Any CPU.ActiveCfg = Release|Any CPU
		{18CBC8C5-5FA1-41A2-9D15-D9781E34ADFE}.Release|Any CPU.Build.0 = Release|Any CPU
		{34857532-FDAE-432D-B646-026E1D456F37}.Debug|Any CPU.ActiveCfg = Debug|Any CPU
		{34857532-FDAE-432D-B646-026E1D456F37}.Debug|Any CPU.Build.0 = Debug|Any CPU
		{34857532-FDAE-432D-B646-026E1D456F37}.Release|Any CPU.ActiveCfg = Release|Any CPU
		{34857532-FDAE-432D-B646-026E1D456F37}.Release|Any CPU.Build.0 = Release|Any CPU
		{BE38ACC7-67F7-4EFD-B43E-3C8DC14EC3FA}.Debug|Any CPU.ActiveCfg = Debug|Any CPU
		{BE38ACC7-67F7-4EFD-B43E-3C8DC14EC3FA}.Debug|Any CPU.Build.0 = Debug|Any CPU
		{BE38ACC7-67F7-4EFD-B43E-3C8DC14EC3FA}.Release|Any CPU.ActiveCfg = Release|Any CPU
		{BE38ACC7-67F7-4EFD-B43E-3C8DC14EC3FA}.Release|Any CPU.Build.0 = Release|Any CPU
		{3DCDBE16-94F8-4CE1-8746-0E3DFADD4286}.Debug|Any CPU.ActiveCfg = Debug|Any CPU
		{3DCDBE16-94F8-4CE1-8746-0E3DFADD4286}.Debug|Any CPU.Build.0 = Debug|Any CPU
		{3DCDBE16-94F8-4CE1-8746-0E3DFADD4286}.Release|Any CPU.ActiveCfg = Release|Any CPU
		{3DCDBE16-94F8-4CE1-8746-0E3DFADD4286}.Release|Any CPU.Build.0 = Release|Any CPU
		{770915E7-F99F-4307-B91A-A5D228987E07}.Debug|Any CPU.ActiveCfg = Debug|Any CPU
		{770915E7-F99F-4307-B91A-A5D228987E07}.Debug|Any CPU.Build.0 = Debug|Any CPU
		{770915E7-F99F-4307-B91A-A5D228987E07}.Release|Any CPU.ActiveCfg = Release|Any CPU
		{770915E7-F99F-4307-B91A-A5D228987E07}.Release|Any CPU.Build.0 = Release|Any CPU
		{A5CD6E9F-08B7-4AD7-B533-CC194383A381}.Debug|Any CPU.ActiveCfg = Debug|Any CPU
		{A5CD6E9F-08B7-4AD7-B533-CC194383A381}.Debug|Any CPU.Build.0 = Debug|Any CPU
		{A5CD6E9F-08B7-4AD7-B533-CC194383A381}.Release|Any CPU.ActiveCfg = Release|Any CPU
		{A5CD6E9F-08B7-4AD7-B533-CC194383A381}.Release|Any CPU.Build.0 = Release|Any CPU
	EndGlobalSection
	GlobalSection(SolutionProperties) = preSolution
		HideSolutionNode = FALSE
	EndGlobalSection
	GlobalSection(NestedProjects) = preSolution
		{235F668E-4F5C-48CA-BBBA-E40F183776AD} = {065A3E85-B61B-4D98-AD19-005CB873645E}
		{DD2EF072-190D-4839-855C-D86F1CB3A9BF} = {235F668E-4F5C-48CA-BBBA-E40F183776AD}
		{BD9DCAE9-3CC7-4815-8838-751380B1F109} = {235F668E-4F5C-48CA-BBBA-E40F183776AD}
		{5DEBA789-79BB-427D-96DD-546A9447D7F6} = {235F668E-4F5C-48CA-BBBA-E40F183776AD}
		{1A8C8CC7-AB7E-4DEA-AF68-1D201EDCA169} = {065A3E85-B61B-4D98-AD19-005CB873645E}
		{04F3F3CF-4178-417A-8B58-DA8B5CB08E2A} = {1A8C8CC7-AB7E-4DEA-AF68-1D201EDCA169}
		{71E87A3F-D3E6-45F8-8A33-5E60F6429710} = {065A3E85-B61B-4D98-AD19-005CB873645E}
		{418DB521-ED6C-4878-A7DB-CB7F2A17ED9F} = {71E87A3F-D3E6-45F8-8A33-5E60F6429710}
		{18CBC8C5-5FA1-41A2-9D15-D9781E34ADFE} = {1A8C8CC7-AB7E-4DEA-AF68-1D201EDCA169}
		{34857532-FDAE-432D-B646-026E1D456F37} = {1A8C8CC7-AB7E-4DEA-AF68-1D201EDCA169}
		{7187605B-0CE8-44E6-98E1-C76DFEC35D20} = {065A3E85-B61B-4D98-AD19-005CB873645E}
		{BE38ACC7-67F7-4EFD-B43E-3C8DC14EC3FA} = {7187605B-0CE8-44E6-98E1-C76DFEC35D20}
		{3DCDBE16-94F8-4CE1-8746-0E3DFADD4286} = {7187605B-0CE8-44E6-98E1-C76DFEC35D20}
		{25F7C427-B046-4B3D-AF55-C55C1CD64AA0} = {065A3E85-B61B-4D98-AD19-005CB873645E}
		{770915E7-F99F-4307-B91A-A5D228987E07} = {25F7C427-B046-4B3D-AF55-C55C1CD64AA0}
		{A5CD6E9F-08B7-4AD7-B533-CC194383A381} = {25F7C427-B046-4B3D-AF55-C55C1CD64AA0}
	EndGlobalSection
	GlobalSection(ExtensibilityGlobals) = postSolution
		SolutionGuid = {1139B3F5-0716-4BB8-BAEA-E49652EA928B}
	EndGlobalSection
EndGlobal
